# This file is autogenerated, do not edit; changes may be undone by the next 'dep ensure'.


[[projects]]
  digest = "1:69148993c8baff35dbb0b5ec92eccb6b75b2b7255a4ad1257be38f51fff8f267"
  name = "github.com/golang/protobuf"
  packages = [
    "jsonpb",
    "proto",
    "ptypes/struct",
  ]
  pruneopts = "UT"
  revision = "aa810b61a9c79d51363740d207bb46cf8e620ed5"
  version = "v1.2.0"

[[projects]]
  branch = "master"
  digest = "1:af57e52c040e769023b590979fa602ccf383610eb280c6011b0ab4a368a7f462"
  name = "github.com/markstgodard/linkerd2bug"
  packages = ["baz/hello"]
  pruneopts = "UT"
  revision = "8c13999a92f2f1d1521e9cf554d65cc53c5f8b13"

[[projects]]
  digest = "1:1cc64dd62b73781ccbd6b3dd4c893e97b4437e9d0710916d0c3129c3a66cfac7"
  name = "github.com/twitchtv/twirp"
  packages = [
    ".",
    "ctxsetters",
    "internal/contextkeys",
  ]
  pruneopts = "UT"
  revision = "89e10d8c51c4ee477a43a6f817f1958b90fecff9"
  version = "v5.5.1"

[solve-meta]
  analyzer-name = "dep"
  analyzer-version = 1
  input-imports = ["github.com/markstgodard/linkerd2bug/baz/hello"]
  solver-name = "gps-cdcl"
  solver-version = 1
